
Microsoft Visual Studio Solution File, Format Version 12.00
# Visual Studio 14
VisualStudioVersion = 14.0.25420.1
MinimumVisualStudioVersion = 10.0.40219.1
Project("{FAE04EC0-301F-11D3-BF4B-00C04F79EFBC}") = "PNCC.MobileDemo.WebUI", "PNCC.MobileDemo.WebUI.csproj", "{203F9A38-C799-4155-96E8-3F2B1C017EB2}"
EndProject
Global
	GlobalSection(SolutionConfigurationPlatforms) = preSolution
		Debug|Any CPU = Debug|Any CPU
		Release|Any CPU = Release|Any CPU
	EndGlobalSection
	GlobalSection(ProjectConfigurationPlatforms) = postSolution
		{203F9A38-C799-4155-96E8-3F2B1C017EB2}.Debug|Any CPU.ActiveCfg = Debug|Any CPU
		{203F9A38-C799-4155-96E8-3F2B1C017EB2}.Debug|Any CPU.Build.0 = Debug|Any CPU
		{203F9A38-C799-4155-96E8-3F2B1C017EB2}.Release|Any CPU.ActiveCfg = Release|Any CPU
		{203F9A38-C799-4155-96E8-3F2B1C017EB2}.Release|Any CPU.Build.0 = Release|Any CPU
	EndGlobalSection
	GlobalSection(SolutionProperties) = preSolution
		HideSolutionNode = FALSE
	EndGlobalSection
EndGlobal
